
Microsoft Visual Studio Solution File, Format Version 12.00
# Visual Studio Version 17
VisualStudioVersion = 17.9.34714.143
MinimumVisualStudioVersion = 10.0.40219.1
Project("{FAE04EC0-301F-11D3-BF4B-00C04F79EFBC}") = "CollisionWarningSystem", "CollisionWarningSystem\CollisionWarningSystem.csproj", "{D0B38B22-6AAD-46E1-B273-AB7F684DCBDF}"
EndProject
Global
	GlobalSection(SolutionConfigurationPlatforms) = preSolution
		Debug|Any CPU = Debug|Any CPU
		Release|Any CPU = Release|Any CPU
	EndGlobalSection
	GlobalSection(ProjectConfigurationPlatforms) = postSolution
		{D0B38B22-6AAD-46E1-B273-AB7F684DCBDF}.Debug|Any CPU.ActiveCfg = Debug|Any CPU
		{D0B38B22-6AAD-46E1-B273-AB7F684DCBDF}.Debug|Any CPU.Build.0 = Debug|Any CPU
		{D0B38B22-6AAD-46E1-B273-AB7F684DCBDF}.Release|Any CPU.ActiveCfg = Release|Any CPU
		{D0B38B22-6AAD-46E1-B273-AB7F684DCBDF}.Release|Any CPU.Build.0 = Release|Any CPU
	EndGlobalSection
	GlobalSection(SolutionProperties) = preSolution
		HideSolutionNode = FALSE
	EndGlobalSection
	GlobalSection(ExtensibilityGlobals) = postSolution
		SolutionGuid = {BE339DB5-232E-4BAF-A387-E7A1CC08A62E}
	EndGlobalSection
EndGlobal
