
Microsoft Visual Studio Solution File, Format Version 12.00
# Visual Studio Version 17
VisualStudioVersion = 17.9.34714.143
MinimumVisualStudioVersion = 10.0.40219.1
Project("{9A19103F-16F7-4668-BE54-9A1E7A4F7556}") = "CollisionWarningSystem", "CollisionWarningSystem\CollisionWarningSystem.csproj", "{D0B38B22-6AAD-46E1-B273-AB7F684DCBDF}"
EndProject
Global
	GlobalSection(SolutionConfigurationPlatforms) = preSolution
		Debug|Any CPU = Debug|Any CPU
		Debug|x64 = Debug|x64
		Release|Any CPU = Release|Any CPU
		Release|x64 = Release|x64
	EndGlobalSection
	GlobalSection(ProjectConfigurationPlatforms) = postSolution
		{D0B38B22-6AAD-46E1-B273-AB7F684DCBDF}.Debug|Any CPU.ActiveCfg = Debug|Any CPU
		{D0B38B22-6AAD-46E1-B273-AB7F684DCBDF}.Debug|Any CPU.Build.0 = Debug|Any CPU
		{D0B38B22-6AAD-46E1-B273-AB7F684DCBDF}.Debug|x64.ActiveCfg = Debug|x64
		{D0B38B22-6AAD-46E1-B273-AB7F684DCBDF}.Debug|x64.Build.0 = Debug|x64
		{D0B38B22-6AAD-46E1-B273-AB7F684DCBDF}.Release|Any CPU.ActiveCfg = Release|Any CPU
		{D0B38B22-6AAD-46E1-B273-AB7F684DCBDF}.Release|Any CPU.Build.0 = Release|Any CPU
		{D0B38B22-6AAD-46E1-B273-AB7F684DCBDF}.Release|x64.ActiveCfg = Release|x64
		{D0B38B22-6AAD-46E1-B273-AB7F684DCBDF}.Release|x64.Build.0 = Release|x64
	EndGlobalSection
	GlobalSection(SolutionProperties) = preSolution
		HideSolutionNode = FALSE
	EndGlobalSection
	GlobalSection(ExtensibilityGlobals) = postSolution
		SolutionGuid = {BE339DB5-232E-4BAF-A387-E7A1CC08A62E}
	EndGlobalSection
EndGlobal
